
Microsoft Visual Studio Solution File, Format Version 12.00
# Visual Studio 15
VisualStudioVersion = 15.0.26730.16
MinimumVisualStudioVersion = 10.0.40219.1
Project("{FAE04EC0-301F-11D3-BF4B-00C04F79EFBC}") = "Common", "Common\Common.csproj", "{A2794A3E-57A3-443A-ABD9-D42079F7067A}"
EndProject
Global
	GlobalSection(SolutionConfigurationPlatforms) = preSolution
		Debug|Any CPU = Debug|Any CPU
		Release|Any CPU = Release|Any CPU
	EndGlobalSection
	GlobalSection(ProjectConfigurationPlatforms) = postSolution
		{A2794A3E-57A3-443A-ABD9-D42079F7067A}.Debug|Any CPU.ActiveCfg = Debug|Any CPU
		{A2794A3E-57A3-443A-ABD9-D42079F7067A}.Debug|Any CPU.Build.0 = Debug|Any CPU
		{A2794A3E-57A3-443A-ABD9-D42079F7067A}.Release|Any CPU.ActiveCfg = Release|Any CPU
		{A2794A3E-57A3-443A-ABD9-D42079F7067A}.Release|Any CPU.Build.0 = Release|Any CPU
	EndGlobalSection
	GlobalSection(SolutionProperties) = preSolution
		HideSolutionNode = FALSE
	EndGlobalSection
	GlobalSection(ExtensibilityGlobals) = postSolution
		SolutionGuid = {2E0D71A8-86DF-410A-9758-6723B08B57E5}
	EndGlobalSection
EndGlobal
